
Microsoft Visual Studio Solution File, Format Version 12.00
# Visual Studio Version 17
VisualStudioVersion = 17.0.31903.59
MinimumVisualStudioVersion = 10.0.40219.1
Project("{2150E333-8FDC-42A3-9474-1A3956D46DE8}") = "backend", "backend", "{1AE8ACA6-933B-BF2A-3671-3E2EAC007D16}"
EndProject
Project("{2150E333-8FDC-42A3-9474-1A3956D46DE8}") = "Shared", "Shared", "{B9B6650B-7025-C9C0-BCFD-BDEDF1640D80}"
EndProject
Project("{FAE04EC0-301F-11D3-BF4B-00C04F79EFBC}") = "DiplomaProject.Shared", "backend\Shared\DiplomaProject.Shared\DiplomaProject.Shared.csproj", "{4DF1656B-B58C-4A78-8A6E-8D7A09C63F85}"
EndProject
Project("{FAE04EC0-301F-11D3-BF4B-00C04F79EFBC}") = "ApiGateway", "backend\Gateway\ApiGateway\ApiGateway.csproj", "{875F9445-738D-4447-8D78-9F84E3E1DE91}"
EndProject
Project("{FAE04EC0-301F-11D3-BF4B-00C04F79EFBC}") = "AuthService", "backend\Services\AuthService\AuthService.csproj", "{E280EABF-3053-477B-BE5C-34AAD3880FDC}"
EndProject
Project("{FAE04EC0-301F-11D3-BF4B-00C04F79EFBC}") = "ContentService", "backend\Services\ContentService\ContentService.csproj", "{9E58E932-6A8F-48A0-944B-FA8B863324B3}"
EndProject
Project("{FAE04EC0-301F-11D3-BF4B-00C04F79EFBC}") = "CardsService", "backend\Services\CardsService\CardsService.csproj", "{B93C0623-EDF2-4B0B-B37B-EEF7D245BD62}"
EndProject
Project("{FAE04EC0-301F-11D3-BF4B-00C04F79EFBC}") = "NotificationService", "backend\Services\NotificationService\NotificationService.csproj", "{BC99C4B7-C2D8-41D6-97D0-173637AB3634}"
EndProject
Global
	GlobalSection(SolutionConfigurationPlatforms) = preSolution
		Debug|Any CPU = Debug|Any CPU
		Debug|x64 = Debug|x64
		Debug|x86 = Debug|x86
		Release|Any CPU = Release|Any CPU
		Release|x64 = Release|x64
		Release|x86 = Release|x86
	EndGlobalSection
	GlobalSection(ProjectConfigurationPlatforms) = postSolution
		{4DF1656B-B58C-4A78-8A6E-8D7A09C63F85}.Debug|Any CPU.ActiveCfg = Debug|Any CPU
		{4DF1656B-B58C-4A78-8A6E-8D7A09C63F85}.Debug|Any CPU.Build.0 = Debug|Any CPU
		{4DF1656B-B58C-4A78-8A6E-8D7A09C63F85}.Debug|x64.ActiveCfg = Debug|Any CPU
		{4DF1656B-B58C-4A78-8A6E-8D7A09C63F85}.Debug|x64.Build.0 = Debug|Any CPU
		{4DF1656B-B58C-4A78-8A6E-8D7A09C63F85}.Debug|x86.ActiveCfg = Debug|Any CPU
		{4DF1656B-B58C-4A78-8A6E-8D7A09C63F85}.Debug|x86.Build.0 = Debug|Any CPU
		{4DF1656B-B58C-4A78-8A6E-8D7A09C63F85}.Release|Any CPU.ActiveCfg = Release|Any CPU
		{4DF1656B-B58C-4A78-8A6E-8D7A09C63F85}.Release|Any CPU.Build.0 = Release|Any CPU
		{4DF1656B-B58C-4A78-8A6E-8D7A09C63F85}.Release|x64.ActiveCfg = Release|Any CPU
		{4DF1656B-B58C-4A78-8A6E-8D7A09C63F85}.Release|x64.Build.0 = Release|Any CPU
		{4DF1656B-B58C-4A78-8A6E-8D7A09C63F85}.Release|x86.ActiveCfg = Release|Any CPU
		{4DF1656B-B58C-4A78-8A6E-8D7A09C63F85}.Release|x86.Build.0 = Release|Any CPU
		{875F9445-738D-4447-8D78-9F84E3E1DE91}.Debug|Any CPU.ActiveCfg = Debug|Any CPU
		{875F9445-738D-4447-8D78-9F84E3E1DE91}.Debug|Any CPU.Build.0 = Debug|Any CPU
		{875F9445-738D-4447-8D78-9F84E3E1DE91}.Debug|x64.ActiveCfg = Debug|Any CPU
		{875F9445-738D-4447-8D78-9F84E3E1DE91}.Debug|x64.Build.0 = Debug|Any CPU
		{875F9445-738D-4447-8D78-9F84E3E1DE91}.Debug|x86.ActiveCfg = Debug|Any CPU
		{875F9445-738D-4447-8D78-9F84E3E1DE91}.Debug|x86.Build.0 = Debug|Any CPU
		{875F9445-738D-4447-8D78-9F84E3E1DE91}.Release|Any CPU.ActiveCfg = Release|Any CPU
		{875F9445-738D-4447-8D78-9F84E3E1DE91}.Release|Any CPU.Build.0 = Release|Any CPU
		{875F9445-738D-4447-8D78-9F84E3E1DE91}.Release|x64.ActiveCfg = Release|Any CPU
		{875F9445-738D-4447-8D78-9F84E3E1DE91}.Release|x64.Build.0 = Release|Any CPU
		{875F9445-738D-4447-8D78-9F84E3E1DE91}.Release|x86.ActiveCfg = Release|Any CPU
		{875F9445-738D-4447-8D78-9F84E3E1DE91}.Release|x86.Build.0 = Release|Any CPU
		{E280EABF-3053-477B-BE5C-34AAD3880FDC}.Debug|Any CPU.ActiveCfg = Debug|Any CPU
		{E280EABF-3053-477B-BE5C-34AAD3880FDC}.Debug|Any CPU.Build.0 = Debug|Any CPU
		{E280EABF-3053-477B-BE5C-34AAD3880FDC}.Debug|x64.ActiveCfg = Debug|Any CPU
		{E280EABF-3053-477B-BE5C-34AAD3880FDC}.Debug|x64.Build.0 = Debug|Any CPU
		{E280EABF-3053-477B-BE5C-34AAD3880FDC}.Debug|x86.ActiveCfg = Debug|Any CPU
		{E280EABF-3053-477B-BE5C-34AAD3880FDC}.Debug|x86.Build.0 = Debug|Any CPU
		{E280EABF-3053-477B-BE5C-34AAD3880FDC}.Release|Any CPU.ActiveCfg = Release|Any CPU
		{E280EABF-3053-477B-BE5C-34AAD3880FDC}.Release|Any CPU.Build.0 = Release|Any CPU
		{E280EABF-3053-477B-BE5C-34AAD3880FDC}.Release|x64.ActiveCfg = Release|Any CPU
		{E280EABF-3053-477B-BE5C-34AAD3880FDC}.Release|x64.Build.0 = Release|Any CPU
		{E280EABF-3053-477B-BE5C-34AAD3880FDC}.Release|x86.ActiveCfg = Release|Any CPU
		{E280EABF-3053-477B-BE5C-34AAD3880FDC}.Release|x86.Build.0 = Release|Any CPU
		{9E58E932-6A8F-48A0-944B-FA8B863324B3}.Debug|Any CPU.ActiveCfg = Debug|Any CPU
		{9E58E932-6A8F-48A0-944B-FA8B863324B3}.Debug|Any CPU.Build.0 = Debug|Any CPU
		{9E58E932-6A8F-48A0-944B-FA8B863324B3}.Debug|x64.ActiveCfg = Debug|Any CPU
		{9E58E932-6A8F-48A0-944B-FA8B863324B3}.Debug|x64.Build.0 = Debug|Any CPU
		{9E58E932-6A8F-48A0-944B-FA8B863324B3}.Debug|x86.ActiveCfg = Debug|Any CPU
		{9E58E932-6A8F-48A0-944B-FA8B863324B3}.Debug|x86.Build.0 = Debug|Any CPU
		{9E58E932-6A8F-48A0-944B-FA8B863324B3}.Release|Any CPU.ActiveCfg = Release|Any CPU
		{9E58E932-6A8F-48A0-944B-FA8B863324B3}.Release|Any CPU.Build.0 = Release|Any CPU
		{9E58E932-6A8F-48A0-944B-FA8B863324B3}.Release|x64.ActiveCfg = Release|Any CPU
		{9E58E932-6A8F-48A0-944B-FA8B863324B3}.Release|x64.Build.0 = Release|Any CPU
		{9E58E932-6A8F-48A0-944B-FA8B863324B3}.Release|x86.ActiveCfg = Release|Any CPU
		{9E58E932-6A8F-48A0-944B-FA8B863324B3}.Release|x86.Build.0 = Release|Any CPU
		{B93C0623-EDF2-4B0B-B37B-EEF7D245BD62}.Debug|Any CPU.ActiveCfg = Debug|Any CPU
		{B93C0623-EDF2-4B0B-B37B-EEF7D245BD62}.Debug|Any CPU.Build.0 = Debug|Any CPU
		{B93C0623-EDF2-4B0B-B37B-EEF7D245BD62}.Debug|x64.ActiveCfg = Debug|Any CPU
		{B93C0623-EDF2-4B0B-B37B-EEF7D245BD62}.Debug|x64.Build.0 = Debug|Any CPU
		{B93C0623-EDF2-4B0B-B37B-EEF7D245BD62}.Debug|x86.ActiveCfg = Debug|Any CPU
		{B93C0623-EDF2-4B0B-B37B-EEF7D245BD62}.Debug|x86.Build.0 = Debug|Any CPU
		{B93C0623-EDF2-4B0B-B37B-EEF7D245BD62}.Release|Any CPU.ActiveCfg = Release|Any CPU
		{B93C0623-EDF2-4B0B-B37B-EEF7D245BD62}.Release|Any CPU.Build.0 = Release|Any CPU
		{B93C0623-EDF2-4B0B-B37B-EEF7D245BD62}.Release|x64.ActiveCfg = Release|Any CPU
		{B93C0623-EDF2-4B0B-B37B-EEF7D245BD62}.Release|x64.Build.0 = Release|Any CPU
		{B93C0623-EDF2-4B0B-B37B-EEF7D245BD62}.Release|x86.ActiveCfg = Release|Any CPU
		{B93C0623-EDF2-4B0B-B37B-EEF7D245BD62}.Release|x86.Build.0 = Release|Any CPU
		{BC99C4B7-C2D8-41D6-97D0-173637AB3634}.Debug|Any CPU.ActiveCfg = Debug|Any CPU
		{BC99C4B7-C2D8-41D6-97D0-173637AB3634}.Debug|Any CPU.Build.0 = Debug|Any CPU
		{BC99C4B7-C2D8-41D6-97D0-173637AB3634}.Debug|x64.ActiveCfg = Debug|Any CPU
		{BC99C4B7-C2D8-41D6-97D0-173637AB3634}.Debug|x64.Build.0 = Debug|Any CPU
		{BC99C4B7-C2D8-41D6-97D0-173637AB3634}.Debug|x86.ActiveCfg = Debug|Any CPU
		{BC99C4B7-C2D8-41D6-97D0-173637AB3634}.Debug|x86.Build.0 = Debug|Any CPU
		{BC99C4B7-C2D8-41D6-97D0-173637AB3634}.Release|Any CPU.ActiveCfg = Release|Any CPU
		{BC99C4B7-C2D8-41D6-97D0-173637AB3634}.Release|Any CPU.Build.0 = Release|Any CPU
		{BC99C4B7-C2D8-41D6-97D0-173637AB3634}.Release|x64.ActiveCfg = Release|Any CPU
		{BC99C4B7-C2D8-41D6-97D0-173637AB3634}.Release|x64.Build.0 = Release|Any CPU
		{BC99C4B7-C2D8-41D6-97D0-173637AB3634}.Release|x86.ActiveCfg = Release|Any CPU
		{BC99C4B7-C2D8-41D6-97D0-173637AB3634}.Release|x86.Build.0 = Release|Any CPU
	EndGlobalSection
	GlobalSection(SolutionProperties) = preSolution
		HideSolutionNode = FALSE
	EndGlobalSection
	GlobalSection(NestedProjects) = preSolution
		{B9B6650B-7025-C9C0-BCFD-BDEDF1640D80} = {1AE8ACA6-933B-BF2A-3671-3E2EAC007D16}
		{4DF1656B-B58C-4A78-8A6E-8D7A09C63F85} = {B9B6650B-7025-C9C0-BCFD-BDEDF1640D80}
		{875F9445-738D-4447-8D78-9F84E3E1DE91} = {B9B6650B-7025-C9C0-BCFD-BDEDF1640D80}
		{E280EABF-3053-477B-BE5C-34AAD3880FDC} = {B9B6650B-7025-C9C0-BCFD-BDEDF1640D80}
		{9E58E932-6A8F-48A0-944B-FA8B863324B3} = {B9B6650B-7025-C9C0-BCFD-BDEDF1640D80}
		{B93C0623-EDF2-4B0B-B37B-EEF7D245BD62} = {B9B6650B-7025-C9C0-BCFD-BDEDF1640D80}
		{BC99C4B7-C2D8-41D6-97D0-173637AB3634} = {B9B6650B-7025-C9C0-BCFD-BDEDF1640D80}
	EndGlobalSection
EndGlobal
